// !$*UTF8*$!
{
	archiveVersion = 1;
	classes = {
	};
	objectVersion = 46;
	objects = {

/* Begin PBXBuildFile section */
		FDAEC2EA1AA06815001662DF /* AppDelegate.swift in Sources */ = {isa = PBXBuildFile; fileRef = FDAEC2E91AA06815001662DF /* AppDelegate.swift */; };
		FDAEC2EF1AA06815001662DF /* Main.storyboard in Resources */ = {isa = PBXBuildFile; fileRef = FDAEC2ED1AA06815001662DF /* Main.storyboard */; };
		FDAEC2F11AA06815001662DF /* Images.xcassets in Resources */ = {isa = PBXBuildFile; fileRef = FDAEC2F01AA06815001662DF /* Images.xcassets */; };
		FDAEC2F41AA06815001662DF /* LaunchScreen.xib in Resources */ = {isa = PBXBuildFile; fileRef = FDAEC2F21AA06815001662DF /* LaunchScreen.xib */; };
		FDAEC3001AA06815001662DF /* customTableViewTests.swift in Sources */ = {isa = PBXBuildFile; fileRef = FDAEC2FF1AA06815001662DF /* customTableViewTests.swift */; };
		FDAEC30E1AA06C6E001662DF /* TableViewCell.swift in Sources */ = {isa = PBXBuildFile; fileRef = FDAEC30D1AA06C6E001662DF /* TableViewCell.swift */; };
		FDAEC3101AA06C92001662DF /* TableViewController.swift in Sources */ = {isa = PBXBuildFile; fileRef = FDAEC30F1AA06C92001662DF /* TableViewController.swift */; };
		FDAEC3121AA06DCB001662DF /* dota2.jpg in Resources */ = {isa = PBXBuildFile; fileRef = FDAEC3111AA06DCB001662DF /* dota2.jpg */; };
		FDAEC3141AA06DDB001662DF /* image.png in Resources */ = {isa = PBXBuildFile; fileRef = FDAEC3131AA06DDB001662DF /* image.png */; };
		FDAEC3161AA06E2F001662DF /* data.swift in Sources */ = {isa = PBXBuildFile; fileRef = FDAEC3151AA06E2F001662DF /* data.swift */; };
		FDAEC3181AA06E55001662DF /* balloon.swift in Sources */ = {isa = PBXBuildFile; fileRef = FDAEC3171AA06E55001662DF /* balloon.swift */; };
/* End PBXBuildFile section */

/* Begin PBXContainerItemProxy section */
		FDAEC2FA1AA06815001662DF /* PBXContainerItemProxy */ = {
			isa = PBXContainerItemProxy;
			containerPortal = FDAEC2DC1AA06815001662DF /* Project object */;
			proxyType = 1;
			remoteGlobalIDString = FDAEC2E31AA06815001662DF;
			remoteInfo = customTableView;
		};
/* End PBXContainerItemProxy section */

/* Begin PBXFileReference section */
		FDAEC2E41AA06815001662DF /* customTableView.app */ = {isa = PBXFileReference; explicitFileType = wrapper.application; includeInIndex = 0; path = customTableView.app; sourceTree = BUILT_PRODUCTS_DIR; };
		FDAEC2E81AA06815001662DF /* Info.plist */ = {isa = PBXFileReference; lastKnownFileType = text.plist.xml; path = Info.plist; sourceTree = "<group>"; };
		FDAEC2E91AA06815001662DF /* AppDelegate.swift */ = {isa = PBXFileReference; lastKnownFileType = sourcecode.swift; path = AppDelegate.swift; sourceTree = "<group>"; };
		FDAEC2EE1AA06815001662DF /* Base */ = {isa = PBXFileReference; lastKnownFileType = file.storyboard; name = Base; path = Base.lproj/Main.storyboard; sourceTree = "<group>"; };
		FDAEC2F01AA06815001662DF /* Images.xcassets */ = {isa = PBXFileReference; lastKnownFileType = folder.assetcatalog; path = Images.xcassets; sourceTree = "<group>"; };
		FDAEC2F31AA06815001662DF /* Base */ = {isa = PBXFileReference; lastKnownFileType = file.xib; name = Base; path = Base.lproj/LaunchScreen.xib; sourceTree = "<group>"; };
		FDAEC2F91AA06815001662DF /* customTableViewTests.xctest */ = {isa = PBXFileReference; explicitFileType = wrapper.cfbundle; includeInIndex = 0; path = customTableViewTests.xctest; sourceTree = BUILT_PRODUCTS_DIR; };
		FDAEC2FE1AA06815001662DF /* Info.plist */ = {isa = PBXFileReference; lastKnownFileType = text.plist.xml; path = Info.plist; sourceTree = "<group>"; };
		FDAEC2FF1AA06815001662DF /* customTableViewTests.swift */ = {isa = PBXFileReference; lastKnownFileType = sourcecode.swift; path = customTableViewTests.swift; sourceTree = "<group>"; };
		FDAEC30D1AA06C6E001662DF /* TableViewCell.swift */ = {isa = PBXFileReference; fileEncoding = 4; lastKnownFileType = sourcecode.swift; path = TableViewCell.swift; sourceTree = "<group>"; };
		FDAEC30F1AA06C92001662DF /* TableViewController.swift */ = {isa = PBXFileReference; fileEncoding = 4; lastKnownFileType = sourcecode.swift; path = TableViewController.swift; sourceTree = "<group>"; };
		FDAEC3111AA06DCB001662DF /* dota2.jpg */ = {isa = PBXFileReference; lastKnownFileType = image.jpeg; path = dota2.jpg; sourceTree = "<group>"; };
		FDAEC3131AA06DDB001662DF /* image.png */ = {isa = PBXFileReference; lastKnownFileType = image.png; path = image.png; sourceTree = "<group>"; };
		FDAEC3151AA06E2F001662DF /* data.swift */ = {isa = PBXFileReference; fileEncoding = 4; lastKnownFileType = sourcecode.swift; path = data.swift; sourceTree = "<group>"; };
		FDAEC3171AA06E55001662DF /* balloon.swift */ = {isa = PBXFileReference; fileEncoding = 4; lastKnownFileType = sourcecode.swift; path = balloon.swift; sourceTree = "<group>"; };
/* End PBXFileReference section */

/* Begin PBXFrameworksBuildPhase section */
		FDAEC2E11AA06815001662DF /* Frameworks */ = {
			isa = PBXFrameworksBuildPhase;
			buildActionMask = 2147483647;
			files = (
			);
			runOnlyForDeploymentPostprocessing = 0;
		};
		FDAEC2F61AA06815001662DF /* Frameworks */ = {
			isa = PBXFrameworksBuildPhase;
			buildActionMask = 2147483647;
			files = (
			);
			runOnlyForDeploymentPostprocessing = 0;
		};
/* End PBXFrameworksBuildPhase section */

/* Begin PBXGroup section */
		FDAEC2DB1AA06815001662DF = {
			isa = PBXGroup;
			children = (
				FDAEC2E61AA06815001662DF /* customTableView */,
				FDAEC2FC1AA06815001662DF /* customTableViewTests */,
				FDAEC2E51AA06815001662DF /* Products */,
			);
			sourceTree = "<group>";
		};
		FDAEC2E51AA06815001662DF /* Products */ = {
			isa = PBXGroup;
			children = (
				FDAEC2E41AA06815001662DF /* customTableView.app */,
				FDAEC2F91AA06815001662DF /* customTableViewTests.xctest */,
			);
			name = Products;
			sourceTree = "<group>";
		};
		FDAEC2E61AA06815001662DF /* customTableView */ = {
			isa = PBXGroup;
			children = (
				FDAEC2E91AA06815001662DF /* AppDelegate.swift */,
				FDAEC3171AA06E55001662DF /* balloon.swift */,
				FDAEC3151AA06E2F001662DF /* data.swift */,
				FDAEC2ED1AA06815001662DF /* Main.storyboard */,
				FDAEC2F01AA06815001662DF /* Images.xcassets */,
				FDAEC2F21AA06815001662DF /* LaunchScreen.xib */,
				FDAEC30D1AA06C6E001662DF /* TableViewCell.swift */,
				FDAEC30F1AA06C92001662DF /* TableViewController.swift */,
				FDAEC2E71AA06815001662DF /* Supporting Files */,
			);
			path = customTableView;
			sourceTree = "<group>";
		};
		FDAEC2E71AA06815001662DF /* Supporting Files */ = {
			isa = PBXGroup;
			children = (
				FDAEC3131AA06DDB001662DF /* image.png */,
				FDAEC3111AA06DCB001662DF /* dota2.jpg */,
				FDAEC2E81AA06815001662DF /* Info.plist */,
			);
			name = "Supporting Files";
			sourceTree = "<group>";
		};
		FDAEC2FC1AA06815001662DF /* customTableViewTests */ = {
			isa = PBXGroup;
			children = (
				FDAEC2FF1AA06815001662DF /* customTableViewTests.swift */,
				FDAEC2FD1AA06815001662DF /* Supporting Files */,
			);
			path = customTableViewTests;
			sourceTree = "<group>";
		};
		FDAEC2FD1AA06815001662DF /* Supporting Files */ = {
			isa = PBXGroup;
			children = (
				FDAEC2FE1AA06815001662DF /* Info.plist */,
			);
			name = "Supporting Files";
			sourceTree = "<group>";
		};
/* End PBXGroup section */

/* Begin PBXNativeTarget section */
		FDAEC2E31AA06815001662DF /* customTableView */ = {
			isa = PBXNativeTarget;
			buildConfigurationList = FDAEC3031AA06815001662DF /* Build configuration list for PBXNativeTarget "customTableView" */;
			buildPhases = (
				FDAEC2E01AA06815001662DF /* Sources */,
				FDAEC2E11AA06815001662DF /* Frameworks */,
				FDAEC2E21AA06815001662DF /* Resources */,
			);
			buildRules = (
			);
			dependencies = (
			);
			name = customTableView;
			productName = customTableView;
			productReference = FDAEC2E41AA06815001662DF /* customTableView.app */;
			productType = "com.apple.product-type.application";
		};
		FDAEC2F81AA06815001662DF /* customTableViewTests */ = {
			isa = PBXNativeTarget;
			buildConfigurationList = FDAEC3061AA06815001662DF /* Build configuration list for PBXNativeTarget "customTableViewTests" */;
			buildPhases = (
				FDAEC2F51AA06815001662DF /* Sources */,
				FDAEC2F61AA06815001662DF /* Frameworks */,
				FDAEC2F71AA06815001662DF /* Resources */,
			);
			buildRules = (
			);
			dependencies = (
				FDAEC2FB1AA06815001662DF /* PBXTargetDependency */,
			);
			name = customTableViewTests;
			productName = customTableViewTests;
			productReference = FDAEC2F91AA06815001662DF /* customTableViewTests.xctest */;
			productType = "com.apple.product-type.bundle.unit-test";
		};
/* End PBXNativeTarget section */

/* Begin PBXProject section */
		FDAEC2DC1AA06815001662DF /* Project object */ = {
			isa = PBXProject;
			attributes = {
				LastUpgradeCheck = 0600;
				ORGANIZATIONNAME = iStudents;
				TargetAttributes = {
					FDAEC2E31AA06815001662DF = {
						CreatedOnToolsVersion = 6.0;
					};
					FDAEC2F81AA06815001662DF = {
						CreatedOnToolsVersion = 6.0;
						TestTargetID = FDAEC2E31AA06815001662DF;
					};
				};
			};
			buildConfigurationList = FDAEC2DF1AA06815001662DF /* Build configuration list for PBXProject "customTableView" */;
			compatibilityVersion = "Xcode 3.2";
			developmentRegion = English;
			hasScannedForEncodings = 0;
			knownRegions = (
				en,
				Base,
			);
			mainGroup = FDAEC2DB1AA06815001662DF;
			productRefGroup = FDAEC2E51AA06815001662DF /* Products */;
			projectDirPath = "";
			projectRoot = "";
			targets = (
				FDAEC2E31AA06815001662DF /* customTableView */,
				FDAEC2F81AA06815001662DF /* customTableViewTests */,
			);
		};
/* End PBXProject section */

/* Begin PBXResourcesBuildPhase section */
		FDAEC2E21AA06815001662DF /* Resources */ = {
			isa = PBXResourcesBuildPhase;
			buildActionMask = 2147483647;
			files = (
				FDAEC2EF1AA06815001662DF /* Main.storyboard in Resources */,
				FDAEC2F41AA06815001662DF /* LaunchScreen.xib in Resources */,
				FDAEC3121AA06DCB001662DF /* dota2.jpg in Resources */,
				FDAEC2F11AA06815001662DF /* Images.xcassets in Resources */,
				FDAEC3141AA06DDB001662DF /* image.png in Resources */,
			);
			runOnlyForDeploymentPostprocessing = 0;
		};
		FDAEC2F71AA06815001662DF /* Resources */ = {
			isa = PBXResourcesBuildPhase;
			buildActionMask = 2147483647;
			files = (
			);
			runOnlyForDeploymentPostprocessing = 0;
		};
/* End PBXResourcesBuildPhase section */

/* Begin PBXSourcesBuildPhase section */
		FDAEC2E01AA06815001662DF /* Sources */ = {
			isa = PBXSourcesBuildPhase;
			buildActionMask = 2147483647;
			files = (
				FDAEC2EA1AA06815001662DF /* AppDelegate.swift in Sources */,
				FDAEC3101AA06C92001662DF /* TableViewController.swift in Sources */,
				FDAEC30E1AA06C6E001662DF /* TableViewCell.swift in Sources */,
				FDAEC3161AA06E2F001662DF /* data.swift in Sources */,
				FDAEC3181AA06E55001662DF /* balloon.swift in Sources */,
			);
			runOnlyForDeploymentPostprocessing = 0;
		};
		FDAEC2F51AA06815001662DF /* Sources */ = {
			isa = PBXSourcesBuildPhase;
			buildActionMask = 2147483647;
			files = (
				FDAEC3001AA06815001662DF /* customTableViewTests.swift in Sources */,
			);
			runOnlyForDeploymentPostprocessing = 0;
		};
/* End PBXSourcesBuildPhase section */

/* Begin PBXTargetDependency section */
		FDAEC2FB1AA06815001662DF /* PBXTargetDependency */ = {
			isa = PBXTargetDependency;
			target = FDAEC2E31AA06815001662DF /* customTableView */;
			targetProxy = FDAEC2FA1AA06815001662DF /* PBXContainerItemProxy */;
		};
/* End PBXTargetDependency section */

/* Begin PBXVariantGroup section */
		FDAEC2ED1AA06815001662DF /* Main.storyboard */ = {
			isa = PBXVariantGroup;
			children = (
				FDAEC2EE1AA06815001662DF /* Base */,
			);
			name = Main.storyboard;
			sourceTree = "<group>";
		};
		FDAEC2F21AA06815001662DF /* LaunchScreen.xib */ = {
			isa = PBXVariantGroup;
			children = (
				FDAEC2F31AA06815001662DF /* Base */,
			);
			name = LaunchScreen.xib;
			sourceTree = "<group>";
		};
/* End PBXVariantGroup section */

/* Begin XCBuildConfiguration section */
		FDAEC3011AA06815001662DF /* Debug */ = {
			isa = XCBuildConfiguration;
			buildSettings = {
				ALWAYS_SEARCH_USER_PATHS = NO;
				CLANG_CXX_LANGUAGE_STANDARD = "gnu++0x";
				CLANG_CXX_LIBRARY = "libc++";
				CLANG_ENABLE_MODULES = YES;
				CLANG_ENABLE_OBJC_ARC = YES;
				CLANG_WARN_BOOL_CONVERSION = YES;
				CLANG_WARN_CONSTANT_CONVERSION = YES;
				CLANG_WARN_DIRECT_OBJC_ISA_USAGE = YES_ERROR;
				CLANG_WARN_EMPTY_BODY = YES;
				CLANG_WARN_ENUM_CONVERSION = YES;
				CLANG_WARN_INT_CONVERSION = YES;
				CLANG_WARN_OBJC_ROOT_CLASS = YES_ERROR;
				CLANG_WARN_UNREACHABLE_CODE = YES;
				CLANG_WARN__DUPLICATE_METHOD_MATCH = YES;
				"CODE_SIGN_IDENTITY[sdk=iphoneos*]" = "iPhone Developer";
				COPY_PHASE_STRIP = NO;
				ENABLE_STRICT_OBJC_MSGSEND = YES;
				GCC_C_LANGUAGE_STANDARD = gnu99;
				GCC_DYNAMIC_NO_PIC = NO;
				GCC_OPTIMIZATION_LEVEL = 0;
				GCC_PREPROCESSOR_DEFINITIONS = (
					"DEBUG=1",
					"$(inherited)",
				);
				GCC_SYMBOLS_PRIVATE_EXTERN = NO;
				GCC_WARN_64_TO_32_BIT_CONVERSION = YES;
				GCC_WARN_ABOUT_RETURN_TYPE = YES_ERROR;
				GCC_WARN_UNDECLARED_SELECTOR = YES;
				GCC_WARN_UNINITIALIZED_AUTOS = YES_AGGRESSIVE;
				GCC_WARN_UNUSED_FUNCTION = YES;
				GCC_WARN_UNUSED_VARIABLE = YES;
				IPHONEOS_DEPLOYMENT_TARGET = 8.0;
				MTL_ENABLE_DEBUG_INFO = YES;
				ONLY_ACTIVE_ARCH = YES;
				SDKROOT = iphoneos;
				SWIFT_OPTIMIZATION_LEVEL = "-Onone";
			};
			name = Debug;
		};
		FDAEC3021AA06815001662DF /* Release */ = {
			isa = XCBuildConfiguration;
			buildSettings = {
				ALWAYS_SEARCH_USER_PATHS = NO;
				CLANG_CXX_LANGUAGE_STANDARD = "gnu++0x";
				CLANG_CXX_LIBRARY = "libc++";
				CLANG_ENABLE_MODULES = YES;
				CLANG_ENABLE_OBJC_ARC = YES;
				CLANG_WARN_BOOL_CONVERSION = YES;
				CLANG_WARN_CONSTANT_CONVERSION = YES;
				CLANG_WARN_DIRECT_OBJC_ISA_USAGE = YES_ERROR;
				CLANG_WARN_EMPTY_BODY = YES;
				CLANG_WARN_ENUM_CONVERSION = YES;
				CLANG_WARN_INT_CONVERSION = YES;
				CLANG_WARN_OBJC_ROOT_CLASS = YES_ERROR;
				CLANG_WARN_UNREACHABLE_CODE = YES;
				CLANG_WARN__DUPLICATE_METHOD_MATCH = YES;
				"CODE_SIGN_IDENTITY[sdk=iphoneos*]" = "iPhone Developer";
				COPY_PHASE_STRIP = YES;
				ENABLE_NS_ASSERTIONS = NO;
				ENABLE_STRICT_OBJC_MSGSEND = YES;
				GCC_C_LANGUAGE_STANDARD = gnu99;
				GCC_WARN_64_TO_32_BIT_CONVERSION = YES;
				GCC_WARN_ABOUT_RETURN_TYPE = YES_ERROR;
				GCC_WARN_UNDECLARED_SELECTOR = YES;
				GCC_WARN_UNINITIALIZED_AUTOS = YES_AGGRESSIVE;
				GCC_WARN_UNUSED_FUNCTION = YES;
				GCC_WARN_UNUSED_VARIABLE = YES;
				IPHONEOS_DEPLOYMENT_TARGET = 8.0;
				MTL_ENABLE_DEBUG_INFO = NO;
				SDKROOT = iphoneos;
				VALIDATE_PRODUCT = YES;
			};
			name = Release;
		};
		FDAEC3041AA06815001662DF /* Debug */ = {
			isa = XCBuildConfiguration;
			buildSettings = {
				ASSETCATALOG_COMPILER_APPICON_NAME = AppIcon;
				INFOPLIST_FILE = customTableView/Info.plist;
				LD_RUNPATH_SEARCH_PATHS = "$(inherited) @executable_path/Frameworks";
				PRODUCT_NAME = "$(TARGET_NAME)";
			};
			name = Debug;
		};
		FDAEC3051AA06815001662DF /* Release */ = {
			isa = XCBuildConfiguration;
			buildSettings = {
				ASSETCATALOG_COMPILER_APPICON_NAME = AppIcon;
				INFOPLIST_FILE = customTableView/Info.plist;
				LD_RUNPATH_SEARCH_PATHS = "$(inherited) @executable_path/Frameworks";
				PRODUCT_NAME = "$(TARGET_NAME)";
			};
			name = Release;
		};
		FDAEC3071AA06815001662DF /* Debug */ = {
			isa = XCBuildConfiguration;
			buildSettings = {
				BUNDLE_LOADER = "$(TEST_HOST)";
				FRAMEWORK_SEARCH_PATHS = (
					"$(SDKROOT)/Developer/Library/Frameworks",
					"$(inherited)",
				);
				GCC_PREPROCESSOR_DEFINITIONS = (
					"DEBUG=1",
					"$(inherited)",
				);
				INFOPLIST_FILE = customTableViewTests/Info.plist;
				LD_RUNPATH_SEARCH_PATHS = "$(inherited) @executable_path/Frameworks @loader_path/Frameworks";
				PRODUCT_NAME = "$(TARGET_NAME)";
				TEST_HOST = "$(BUILT_PRODUCTS_DIR)/customTableView.app/customTableView";
			};
			name = Debug;
		};
		FDAEC3081AA06815001662DF /* Release */ = {
			isa = XCBuildConfiguration;
			buildSettings = {
				BUNDLE_LOADER = "$(TEST_HOST)";
				FRAMEWORK_SEARCH_PATHS = (
					"$(SDKROOT)/Developer/Library/Frameworks",
					"$(inherited)",
				);
				INFOPLIST_FILE = customTableViewTests/Info.plist;
				LD_RUNPATH_SEARCH_PATHS = "$(inherited) @executable_path/Frameworks @loader_path/Frameworks";
				PRODUCT_NAME = "$(TARGET_NAME)";
				TEST_HOST = "$(BUILT_PRODUCTS_DIR)/customTableView.app/customTableView";
			};
			name = Release;
		};
/* End XCBuildConfiguration section */

/* Begin XCConfigurationList section */
		FDAEC2DF1AA06815001662DF /* Build configuration list for PBXProject "customTableView" */ = {
			isa = XCConfigurationList;
			buildConfigurations = (
				FDAEC3011AA06815001662DF /* Debug */,
				FDAEC3021AA06815001662DF /* Release */,
			);
			defaultConfigurationIsVisible = 0;
			defaultConfigurationName = Release;
		};
		FDAEC3031AA06815001662DF /* Build configuration list for PBXNativeTarget "customTableView" */ = {
			isa = XCConfigurationList;
			buildConfigurations = (
				FDAEC3041AA06815001662DF /* Debug */,
				FDAEC3051AA06815001662DF /* Release */,
			);
			defaultConfigurationIsVisible = 0;
			defaultConfigurationName = Release;
		};
		FDAEC3061AA06815001662DF /* Build configuration list for PBXNativeTarget "customTableViewTests" */ = {
			isa = XCConfigurationList;
			buildConfigurations = (
				FDAEC3071AA06815001662DF /* Debug */,
				FDAEC3081AA06815001662DF /* Release */,
			);
			defaultConfigurationIsVisible = 0;
			defaultConfigurationName = Release;
		};
/* End XCConfigurationList section */
	};
	rootObject = FDAEC2DC1AA06815001662DF /* Project object */;
}
